<?xml version="1.0" encoding="utf-8"?>
<Project ToolsVersion="4.0" xmlns="http://schemas.microsoft.com/developer/msbuild/2003">
  <ItemGroup>
    <ClCompile Include="entry.cc" />
    <ClCompile Include="Scenes\path_finding2d.cc" />
    <ClCompile Include="System\Shader\shader.cc" />
    <ClCompile Include="System\Frame\texture.cc" />
    <ClCompile Include="System\Frame\scene.cc" />
    <ClCompile Include="System\Frame\model.cc" />
    <ClCompile Include="System\Frame\constant.h" />
    <ClCompile Include="GlobalObjects\Canvas\image.cc" />
    <ClCompile Include="GlobalObjects\Canvas\canvas.cc" />
    <ClCompile Include="GlobalObjects\Canvas\text.cc" />
    <ClCompile Include="System\Shader\pp_frame.cc" />
    <ClCompile Include="System\Shader\PostProcessing\pp_convex.cc" />
    <ClCompile Include="System\Shader\PostProcessing\pp_sinewave.cc" />
    <ClCompile Include="GlobalObjects\camera_object.cc" />
    <ClCompile Include="System\Shader\shader_wrapper.cc" />
    <ClCompile Include="GlobalObjects\Canvas\Impl\text_impl.cc" />
    <ClCompile Include="System\Shader\Impl\pp_frame_impl.cc" />
    <ClCompile Include="Objects\TempDebug\test_image.cc" />
    <ClCompile Include="Objects\TempDebug\test_start_txt.cc" />
    <ClCompile Include="Objects\Debug\debug_canvas.cc" />
    <ClCompile Include="Objects\Debug\Script\ui_manager.cc" />
    <ClCompile Include="System\Components\Physics2D\Collider\rectangle.cc" />
    <ClCompile Include="System\Components\Physics2D\collider_2d.cc" />
    <ClCompile Include="System\Shader\PostProcessing\pp_scaling.cc" />
    <ClCompile Include="System\Frame\timer_handle.cc" />
    <ClCompile Include="_Project\Maintenance\Scene\test_1.cc" />
    <ClCompile Include="__ThirdParty\stb\library_impl.cc" />
    <ClCompile Include="_Project\Maintenance\Scene\test_2.cc" />
    <ClCompile Include="_Project\Maintenance\Object\Test2\game_canvas_2.cc" />
    <ClCompile Include="System\Core\Private\application.cc" />
    <ClCompile Include="System\Core\Private\core_setting.cc" />
    <ClCompile Include="System\Manager\Private\resource_type.cc" />
    <ClCompile Include="System\Manager\Private\resource_manager.cc" />
    <ClCompile Include="System\Manager\Private\input_manager.cc" />
    <ClCompile Include="System\Manager\Private\font_manager.cc" />
    <ClCompile Include="System\Manager\Private\timer_manager.cc" />
    <ClCompile Include="System\Manager\Private\object_manager.cc" />
    <ClCompile Include="System\Manager\Private\physics_manager.cc" />
    <ClCompile Include="System\Manager\Private\texture_manager.cc" />
    <ClCompile Include="System\Manager\Private\scene_manager.cc" />
    <ClCompile Include="System\Manager\Private\sound_manager.cc" />
    <ClCompile Include="System\Manager\Private\setting_manager.cc" />
    <ClCompile Include="System\Manager\Private\shader_manager.cc" />
    <ClCompile Include="System\Manager\Private\postprocessing_manager.cc" />
    <ClCompile Include="System\Core\Private\logger.cc" />
    <ClCompile Include="System\Components\Private\sprite_renderer.cc" />
    <ClCompile Include="System\Components\Impl\sprite_renderer_impl.cc" />
    <ClCompile Include="System\Components\Private\camera.cc" />
    <ClCompile Include="System\Components\Private\rigidbody_2d.cc" />
    <ClCompile Include="System\Components\Private\animator.cc" />
    <ClCompile Include="System\Element\Private\object.cc" />
    <ClCompile Include="System\Element\Impl\object_impl.cc" />
    <ClCompile Include="System\Element\Private\ui_object.cc" />
    <ClCompile Include="System\Core\Impl\logger_impl.cc" />
    <ClCompile Include="_Project\Maintenance\Scene\test_3.cc" />
    <ClCompile Include="_Project\Maintenance\Object\Test3\moveable_character.cc" />
    <ClCompile Include="_Project\Maintenance\Scripts\Test3\mc_script.cc" />
    <ClCompile Include="_Project\Maintenance\Object\Test1\game_canvas.cc" />
    <ClCompile Include="_Project\Maintenance\Object\Test1\test_obj.cc" />
    <ClCompile Include="_Project\Maintenance\Scripts\Test1\obj_script_1.cc" />
    <ClCompile Include="_Project\Maintenance\Scripts\Test1\test_script_1.cc" />
    <ClCompile Include="_Project\Maintenance\Scripts\Test1\test_script_2.cc" />
    <ClCompile Include="System\Components\Internal\renderer_base.cc" />
    <ClCompile Include="System\Components\Private\empty_renderer.cc" />
  </ItemGroup>
  <ItemGroup>
    <ClInclude Include="Objects\Interface\i_radiant.h" />
    <ClInclude Include="Scenes\path_finding2d.h" />
    <ClInclude Include="System\Shader\shader.h" />
    <ClInclude Include="System\Frame\texture.h" />
    <ClInclude Include="System\Frame\scene.h" />
    <ClInclude Include="System\Frame\model.h" />
    <ClInclude Include="Headers\scene_common.h" />
    <ClInclude Include="GlobalObjects\Canvas\image.h" />
    <ClInclude Include="GlobalObjects\Canvas\canvas.h" />
    <ClInclude Include="GlobalObjects\Interface\i_originable.h" />
    <ClInclude Include="GlobalObjects\Canvas\text.h" />
    <ClInclude Include="Headers\canvas_components.h" />
    <ClInclude Include="GlobalObjects\Interface\i_alignable.h" />
    <ClInclude Include="System\Shader\pp_frame.h" />
    <ClInclude Include="System\Shader\PostProcessing\pp_convex.h" />
    <ClInclude Include="System\Shader\PostProcessing\pp_sinewave.h" />
    <ClInclude Include="GlobalObjects\camera_object.h" />
    <ClInclude Include="System\Shader\PostProcessing\pp_gray.h" />
    <ClInclude Include="System\Debugs\hierarchy_tree.h" />
    <ClInclude Include="System\Shader\shader_wrapper.h" />
    <ClInclude Include="Headers\Fwd\lightfwd.h" />
    <ClInclude Include="Headers\Fwd\componentfwd.h" />
    <ClInclude Include="Headers\Fwd\objectfwd.h" />
    <ClInclude Include="GlobalObjects\Canvas\Impl\text_impl.h" />
    <ClInclude Include="System\Frame\vertex_array_object.h" />
    <ClInclude Include="System\Shader\Impl\pp_frame_impl.h" />
    <ClInclude Include="Objects\TempDebug\test_image.h" />
    <ClInclude Include="Objects\TempDebug\test_start_txt.h" />
    <ClInclude Include="Objects\TempDebug\test_start_t_copy.h" />
    <ClInclude Include="Objects\Debug\obj_fps.h" />
    <ClInclude Include="Objects\Debug\obj_date.h" />
    <ClInclude Include="Objects\Debug\obj_tree.h" />
    <ClInclude Include="Objects\Debug\debug_canvas.h" />
    <ClInclude Include="Objects\Debug\Script\ui_manager.h" />
    <ClInclude Include="Headers\script_common.h" />
    <ClInclude Include="Objects\Debug\Script\test_script.h" />
    <ClInclude Include="System\Components\Physics2D\Collider\rectangle.h" />
    <ClInclude Include="System\Components\Physics2D\collider_2d.h" />
    <ClInclude Include="System\Shader\PostProcessing\pp_scaling.h" />
    <ClInclude Include="System\Frame\timer_handle.h" />
    <ClInclude Include="_Project\Maintenance\Scene\test_1.h" />
    <ClInclude Include="__ThirdParty\stb\stb_image.h" />
    <ClInclude Include="_Project\Maintenance\Scene\test_2.h" />
    <ClInclude Include="_Project\Maintenance\Object\Test2\game_canvas_2.h" />
    <ClInclude Include="System\Core\Public\core_setting.h" />
    <ClInclude Include="System\Core\Public\core_header.h" />
    <ClInclude Include="System\Helper\Public\switch.h" />
    <ClInclude Include="System\Core\Public\application.h" />
    <ClInclude Include="System\Helper\Public\access_ptr.h" />
    <ClInclude Include="System\Manager\Internal\resource_internal.h" />
    <ClInclude Include="System\Manager\Public\resource_type.h" />
    <ClInclude Include="System\Manager\Public\resource_manager.h" />
    <ClInclude Include="System\Manager\Internal\input_internal.h" />
    <ClInclude Include="System\Manager\Public\input_manager.h" />
    <ClInclude Include="System\Manager\Public\time_manager.h" />
    <ClInclude Include="System\Manager\Internal\font_internal.h" />
    <ClInclude Include="System\Manager\Public\font_manager.h" />
    <ClInclude Include="System\Manager\Public\timer_manager.h" />
    <ClInclude Include="System\Manager\Internal\timer_internal.h" />
    <ClInclude Include="System\Manager\Public\object_manager.h" />
    <ClInclude Include="System\Helper\Public\fixed_stack.h" />
    <ClInclude Include="System\Manager\Public\physics_manager.h" />
    <ClInclude Include="System\Manager\Internal\physics_internal.h" />
    <ClInclude Include="System\Manager\Public\texture_manager.h" />
    <ClInclude Include="System\Manager\Public\scene_manager.h" />
    <ClInclude Include="System\Manager\Internal\sound_internal.h" />
    <ClInclude Include="System\Manager\Public\sound_manager.h" />
    <ClInclude Include="System\Manager\Public\setting_manager.h" />
    <ClInclude Include="System\Manager\Public\shader_manager.h" />
    <ClInclude Include="System\Manager\Public\postprocessing_manager.h" />
    <ClInclude Include="System\Core\Public\logger.h" />
    <ClInclude Include="System\Core\Internal\logger_internal.h" />
    <ClInclude Include="System\Components\Public\sprite_renderer.h" />
    <ClInclude Include="System\Components\Impl\sprite_renderer_impl.h" />
    <ClInclude Include="System\Components\Internal\component.h" />
    <ClInclude Include="System\Components\Public\script_frame.h" />
    <ClInclude Include="System\Components\Public\camera.h" />
    <ClInclude Include="System\Components\Public\rigidbody_2d.h" />
    <ClInclude Include="System\Helper\Public\hash_function.h" />
    <ClInclude Include="System\Components\Internal\component_macro.h" />
    <ClInclude Include="System\Components\Public\animator.h" />
    <ClInclude Include="System\Components\Internal\animator_internal.h" />
    <ClInclude Include="System\Element\Public\object.h" />
    <ClInclude Include="System\Element\Impl\object_impl.h" />
    <ClInclude Include="System\Element\Public\ui_object.h" />
    <ClInclude Include="System\Element\Internal\texture_internal.h" />
    <ClInclude Include="System\Core\Impl\logger_impl.h" />
    <ClInclude Include="_Project\Maintenance\Scene\test_3.h" />
    <ClInclude Include="_Project\Maintenance\Object\Test3\moveable_character.h" />
    <ClInclude Include="_Project\Maintenance\Scripts\Test3\mc_script.h" />
    <ClInclude Include="_Project\Maintenance\Object\Test1\test_obj.h" />
    <ClInclude Include="_Project\Maintenance\Object\Test1\game_canvas.h" />
    <ClInclude Include="_Project\Maintenance\Scripts\Test1\obj_script_1.h" />
    <ClInclude Include="_Project\Maintenance\Scripts\Test1\test_script_1.h" />
    <ClInclude Include="_Project\Maintenance\Scripts\Test1\test_script_2.h" />
    <ClInclude Include="System\Components\Internal\renderer_base.h" />
    <ClInclude Include="System\Components\Public\empty_renderer.h" />
    <ClInclude Include="System\Helper\Public\template.h" />
  </ItemGroup>
  <ItemGroup>
    <None Include="glfw3.dll" />
    <None Include="glew32.dll" />
    <None Include="11_shaders\normal.vert" />
    <None Include="11_shaders\normal.frag" />
    <None Include="12_shaders\depth.frag" />
    <None Include="13_shaders\single_color.frag" />
    <None Include="14_shaders\grass.frag" />
    <None Include="14_shaders\normal.vert" />
    <None Include="14_shaders\window.frag" />
    <None Include="16_shaders\retrieve.frag" />
    <None Include="16_shaders\retrieve.vert" />
    <None Include="16_shaders\grayscale.frag" />
    <None Include="16_shaders\edge.frag" />
    <None Include="16_shaders\gaussian.frag" />
    <None Include="16_shaders\rotation.vert" />
    <None Include="16_shaders\normal.vert" />
    <None Include="17_shaders\cube.frag" />
    <None Include="17_shaders\cube.vert" />
    <None Include="17_shaders\reflection.frag" />
    <None Include="17_shaders\reflection.vert" />
    <None Include="17_shaders\refraction.frag" />
    <None Include="17_shaders\normal.vert" />
    <None Include="17_shaders\normal.frag" />
    <None Include="20_shaders\normal.vert" />
    <None Include="20_shaders\normal.geom" />
    <None Include="20_shaders\normal.frag" />
    <None Include="20_shaders\house.geom" />
    <None Include="20_shaders\house.frag" />
    <None Include="20_shaders\model_explode.geom" />
    <None Include="20_shaders\model.vert" />
    <None Include="20_shaders\model_explode.frag" />
    <None Include="21_shaders\normal.frag" />
    <None Include="21_shaders\normal.vert" />
    <None Include="21_shaders\brute.vert" />
    <None Include="21_shaders\model.frag" />
    <None Include="21_shaders\clever_astroid.vert" />
    <None Include="23_shaders\normal.vert" />
    <None Include="23_shaders\phong.frag" />
    <None Include="23_shaders\blinn_phong.frag" />
    <None Include="25_shaders\light.vert" />
    <None Include="25_shaders\light.frag" />
    <None Include="25_shaders\plain.vert" />
    <None Include="25_shaders\plain.frag" />
    <None Include="25_shaders\shadow.vert" />
    <None Include="25_shaders\shadow.frag" />
    <None Include="26_shaders\light.vert" />
    <None Include="26_shaders\light.frag" />
    <None Include="26_shaders\light.geom" />
    <None Include="26_shaders\cube.vert" />
    <None Include="26_shaders\cube.frag" />
    <None Include="26_shaders\shadow.vert" />
    <None Include="26_shaders\shadow.frag" />
    <None Include="26_shaders\lightbox.vert" />
    <None Include="26_shaders\lightbox.frag" />
    <None Include="27_shaders\quad.vert" />
    <None Include="27_shaders\quad.frag" />
    <None Include="29_shaders\quad.vert" />
    <None Include="29_shaders\quad.frag" />
    <None Include="29_shaders\steep_quad.frag" />
    <None Include="Shaders\quad.vert" />
    <None Include="Shaders\quad.frag" />
    <None Include="Shaders\spring.vert" />
    <None Include="Shaders\spring.frag" />
    <None Include="Shaders\spring_render.vert" />
    <None Include="Shaders\spring_render.frag" />
    <None Include="Shaders\Ch8\simple_output.frag" />
    <None Include="Shaders\Ch8\3_triangle.vert" />
    <None Include="Shaders\Ch8\3_triangle.tcs" />
    <None Include="Shaders\Ch8\3_triangle.tes" />
    <None Include="Shaders\Ch8\3_contour.vert" />
    <None Include="Shaders\Ch8\3_contour.tcs" />
    <None Include="Shaders\Ch8\3_contour.tes" />
    <None Include="Shaders\Ch8\3_land.vert" />
    <None Include="Shaders\Ch8\3_land.tcs" />
    <None Include="Shaders\Ch8\3_land.tes" />
    <None Include="Shaders\Ch8\3_land.frag" />
    <None Include="Shaders\Ch8\3_bezier.vert" />
    <None Include="Shaders\Ch8\3_bezier.tcs" />
    <None Include="Shaders\Ch8\3_bezier.tes" />
    <None Include="Shaders\Ch8\3_bezier.frag" />
    <None Include="Shaders\Global\font.vert" />
    <None Include="Shaders\Global\font.frag" />
    <None Include="Shaders\Bloom\normal.vert" />
    <None Include="Shaders\Bloom\normal.frag" />
    <None Include="Shaders\Bloom\lightbox.frag" />
    <None Include="Shaders\Bloom\full.vert" />
    <None Include="Shaders\Bloom\full.frag" />
    <None Include="Shaders\Bloom\hdr.frag" />
    <None Include="Shaders\Bloom\bloom.frag" />
    <None Include="Shaders\Bloom\combine.frag" />
    <None Include="Shaders\Starfield\point.vert" />
    <None Include="Shaders\Global\image.vert" />
    <None Include="Shaders\Global\image.frag" />
    <None Include="Shaders\Global\quad.vert" />
    <None Include="Shaders\Global\convex.frag" />
    <None Include="Shaders\Global\sinewave.frag" />
    <None Include="Shaders\Global\quad.frag" />
    <None Include="Shaders\pp\gray.frag" />
    <None Include="_Setting\input.meta" />
    <None Include="_Setting\tag.meta" />
    <None Include="_Project\Maintenance\_meta\_header.meta" />
    <None Include="_Project\Maintenance\_meta\_resource.meta" />
    <None Include="_Project\Maintenance\_meta\_set.meta" />
    <None Include="_Project\SampleInvaders\_meta\_header.meta" />
    <None Include="_Project\SampleInvaders\_meta\_resource.meta" />
    <None Include="_Project\SampleInvaders\_meta\_set.meta" />
    <None Include="_Project\Maintenance\Resource\Shader\Global\__2dquad.vert" />
    <None Include="_Project\Maintenance\Resource\Shader\Global\__2dquad.frag" />
    <None Include="_resource.meta" />
    <None Include="_Setting\render_layer.meta" />
    <None Include="_Project\Maintenance\Resource\Animation\test.anim" />
    <None Include="_Setting\global_setting.meta" />
    <None Include="_Project\Maintenance\_meta\_input.meta" />
  </ItemGroup>
  <ItemGroup>
    <Image Include="Resources\_system.png" />
  </ItemGroup>
</Project>